
Microsoft Visual Studio Solution File, Format Version 12.00
# Visual Studio Version 16
VisualStudioVersion = 16.0.30717.126
MinimumVisualStudioVersion = 10.0.40219.1
Project("{9A19103F-16F7-4668-BE54-9A1E7A4F7556}") = "TesteTecnico", "TesteTecnico\TesteTecnico.csproj", "{290A7F0A-7E35-4A27-8D6B-F2CFB13CE6A0}"
	ProjectSection(ProjectDependencies) = postProject
		{546DEE97-15B7-4B9D-891C-53A554E7BFE5} = {546DEE97-15B7-4B9D-891C-53A554E7BFE5}
	EndProjectSection
EndProject
Project("{9A19103F-16F7-4668-BE54-9A1E7A4F7556}") = "Service", "Service\Service.csproj", "{546DEE97-15B7-4B9D-891C-53A554E7BFE5}"
EndProject
Project("{FAE04EC0-301F-11D3-BF4B-00C04F79EFBC}") = "TesteCalculadoras", "TesteCalculadoras\TesteCalculadoras.csproj", "{2B1E3A2E-B103-4CCF-8590-E2BB108A03C4}"
EndProject
Global
	GlobalSection(SolutionConfigurationPlatforms) = preSolution
		Debug|Any CPU = Debug|Any CPU
		Release|Any CPU = Release|Any CPU
	EndGlobalSection
	GlobalSection(ProjectConfigurationPlatforms) = postSolution
		{290A7F0A-7E35-4A27-8D6B-F2CFB13CE6A0}.Debug|Any CPU.ActiveCfg = Debug|Any CPU
		{290A7F0A-7E35-4A27-8D6B-F2CFB13CE6A0}.Debug|Any CPU.Build.0 = Debug|Any CPU
		{290A7F0A-7E35-4A27-8D6B-F2CFB13CE6A0}.Release|Any CPU.ActiveCfg = Release|Any CPU
		{290A7F0A-7E35-4A27-8D6B-F2CFB13CE6A0}.Release|Any CPU.Build.0 = Release|Any CPU
		{546DEE97-15B7-4B9D-891C-53A554E7BFE5}.Debug|Any CPU.ActiveCfg = Debug|Any CPU
		{546DEE97-15B7-4B9D-891C-53A554E7BFE5}.Debug|Any CPU.Build.0 = Debug|Any CPU
		{546DEE97-15B7-4B9D-891C-53A554E7BFE5}.Release|Any CPU.ActiveCfg = Release|Any CPU
		{546DEE97-15B7-4B9D-891C-53A554E7BFE5}.Release|Any CPU.Build.0 = Release|Any CPU
		{2B1E3A2E-B103-4CCF-8590-E2BB108A03C4}.Debug|Any CPU.ActiveCfg = Debug|Any CPU
		{2B1E3A2E-B103-4CCF-8590-E2BB108A03C4}.Debug|Any CPU.Build.0 = Debug|Any CPU
		{2B1E3A2E-B103-4CCF-8590-E2BB108A03C4}.Release|Any CPU.ActiveCfg = Release|Any CPU
		{2B1E3A2E-B103-4CCF-8590-E2BB108A03C4}.Release|Any CPU.Build.0 = Release|Any CPU
	EndGlobalSection
	GlobalSection(SolutionProperties) = preSolution
		HideSolutionNode = FALSE
	EndGlobalSection
	GlobalSection(ExtensibilityGlobals) = postSolution
		SolutionGuid = {0779128E-EBB4-4D07-8E89-7A19E25D822D}
	EndGlobalSection
EndGlobal
