
Microsoft Visual Studio Solution File, Format Version 12.00
# Visual Studio Version 16
VisualStudioVersion = 16.0.30717.126
MinimumVisualStudioVersion = 10.0.40219.1
Project("{FAE04EC0-301F-11D3-BF4B-00C04F79EFBC}") = "API1", "API1\API1.csproj", "{689AC574-F1B4-44E6-BC49-C3E6089FBB5C}"
EndProject
Global
	GlobalSection(SolutionConfigurationPlatforms) = preSolution
		Debug|Any CPU = Debug|Any CPU
		Release|Any CPU = Release|Any CPU
	EndGlobalSection
	GlobalSection(ProjectConfigurationPlatforms) = postSolution
		{689AC574-F1B4-44E6-BC49-C3E6089FBB5C}.Debug|Any CPU.ActiveCfg = Debug|Any CPU
		{689AC574-F1B4-44E6-BC49-C3E6089FBB5C}.Debug|Any CPU.Build.0 = Debug|Any CPU
		{689AC574-F1B4-44E6-BC49-C3E6089FBB5C}.Release|Any CPU.ActiveCfg = Release|Any CPU
		{689AC574-F1B4-44E6-BC49-C3E6089FBB5C}.Release|Any CPU.Build.0 = Release|Any CPU
	EndGlobalSection
	GlobalSection(SolutionProperties) = preSolution
		HideSolutionNode = FALSE
	EndGlobalSection
	GlobalSection(ExtensibilityGlobals) = postSolution
		SolutionGuid = {A207898F-1F40-485B-A8D9-A85E9BD9B451}
	EndGlobalSection
EndGlobal
